
Microsoft Visual Studio Solution File, Format Version 12.00
# Visual Studio Version 17
VisualStudioVersion = 17.9.34728.170
MinimumVisualStudioVersion = 10.0.40219.1
Project("{9A19103F-16F7-4668-BE54-9A1E7A4F7556}") = "MyApp", "src\MyApp\MyApp.csproj", "{3C4B5A69-7F8E-4D2C-B1A0-9E8D7C6B5A40}"
EndProject
Project("{9A19103F-16F7-4668-BE54-9A1E7A4F7556}") = "MyApp.Tests", "tests\MyApp.Tests\MyApp.Tests.csproj", "{2B3A4968-6E7D-3C1B-A091-8D7C6B5A4039}"
EndProject
Global
	GlobalSection(SolutionConfigurationPlatforms) = preSolution
		Debug|Any CPU = Debug|Any CPU
		Release|Any CPU = Release|Any CPU
	EndGlobalSection
	GlobalSection(ProjectConfigurationPlatforms) = postSolution
		{3C4B5A69-7F8E-4D2C-B1A0-9E8D7C6B5A40}.Debug|Any CPU.ActiveCfg = Debug|Any CPU
		{3C4B5A69-7F8E-4D2C-B1A0-9E8D7C6B5A40}.Debug|Any CPU.Build.0 = Debug|Any CPU
		{3C4B5A69-7F8E-4D2C-B1A0-9E8D7C6B5A40}.Release|Any CPU.ActiveCfg = Release|Any CPU
		{3C4B5A69-7F8E-4D2C-B1A0-9E8D7C6B5A40}.Release|Any CPU.Build.0 = Release|Any CPU
		{2B3A4968-6E7D-3C1B-A091-8D7C6B5A4039}.Debug|Any CPU.ActiveCfg = Debug|Any CPU
		{2B3A4968-6E7D-3C1B-A091-8D7C6B5A4039}.Debug|Any CPU.Build.0 = Debug|Any CPU
		{2B3A4968-6E7D-3C1B-A091-8D7C6B5A4039}.Release|Any CPU.ActiveCfg = Release|Any CPU
		{2B3A4968-6E7D-3C1B-A091-8D7C6B5A4039}.Release|Any CPU.Build.0 = Release|Any CPU
	EndGlobalSection
	GlobalSection(SolutionProperties) = preSolution
		HideSolutionNode = FALSE
	EndGlobalSection
EndGlobal
